{
  "name": "f1restserver",
  "version": "2.0.0",
  "lockfileVersion": 1,
  "requires": true,
  "dependencies": {
    "@socket.io/component-emitter": {
      "version": "3.1.0",
      "resolved": "https://registry.npmjs.org/@socket.io/component-emitter/-/component-emitter-3.1.0.tgz",
      "integrity": "sha512-+9jVqKhRSpsc591z5vX+X5Yyw+he/HCB4iQ/RYxw35CEPaY1gnsNE43nf9n9AaYjAQrTiI/mOwKUKdUs9vf7Xg=="
    },
    "async": {
      "version": "0.8.0",
      "resolved": "https://registry.npmjs.org/async/-/async-0.8.0.tgz",
      "integrity": "sha512-M2LC+aqW7VetFcnFiYEbjUsmASW6GSsMNkRzhUzwHoQNfNIRClf5GLgozwuJ4tAMLAfjywrKyQ2wWiODJivQmg=="
    },
    "asynckit": {
      "version": "0.4.0",
      "resolved": "https://registry.npmjs.org/asynckit/-/asynckit-0.4.0.tgz",
      "integrity": "sha512-Oei9OH4tRh0YqU3GxhX79dM/mwVgvbZJaSNaRk+bshkj0S5cfHcgYakreBjrHwatXKbz+IoIdYLxrKim2MjW0Q=="
    },
    "axios": {
      "version": "0.27.2",
      "resolved": "https://registry.npmjs.org/axios/-/axios-0.27.2.tgz",
      "integrity": "sha512-t+yRIyySRTp/wua5xEr+z1q60QmLq8ABsS5O9Me1AsE5dfKqgnCFzwiCZZ/cGNd1lq4/7akDWMxdhVlucjmnOQ==",
      "requires": {
        "follow-redirects": "^1.14.9",
        "form-data": "^4.0.0"
      }
    },
    "balanced-match": {
      "version": "1.0.2",
      "resolved": "https://registry.npmjs.org/balanced-match/-/balanced-match-1.0.2.tgz",
      "integrity": "sha512-3oSeUO0TMV67hN1AmbXsK4yaqU7tjiHlbxRDZOpH0KW9+CeX4bRAaX0Anxt0tx2MrpRpWwQaPwIlISEJhYU5Pw==",
      "optional": true
    },
    "brace-expansion": {
      "version": "1.1.11",
      "resolved": "https://registry.npmjs.org/brace-expansion/-/brace-expansion-1.1.11.tgz",
      "integrity": "sha512-iCuPHDFgrHX7H2vEI/5xpz07zSHB00TpugqhmYtVmMO6518mCuRMoOYFldEBl0g187ufozdaHgWKcYFb61qGiA==",
      "optional": true,
      "requires": {
        "balanced-match": "^1.0.0",
        "concat-map": "0.0.1"
      }
    },
    "bunyan": {
      "version": "1.8.15",
      "resolved": "https://registry.npmjs.org/bunyan/-/bunyan-1.8.15.tgz",
      "integrity": "sha512-0tECWShh6wUysgucJcBAoYegf3JJoZWibxdqhTm7OHPeT42qdjkZ29QCMcKwbgU1kiH+auSIasNRXMLWXafXig==",
      "requires": {
        "dtrace-provider": "~0.8",
        "moment": "^2.19.3",
        "mv": "~2",
        "safe-json-stringify": "~1"
      }
    },
    "combined-stream": {
      "version": "1.0.8",
      "resolved": "https://registry.npmjs.org/combined-stream/-/combined-stream-1.0.8.tgz",
      "integrity": "sha512-FQN4MRfuJeHf7cBbBMJFXhKSDq+2kAArBlmRBvcvFE5BB1HZKXtSFASDhdlz9zOYwxh8lDdnvmMOe/+5cdoEdg==",
      "requires": {
        "delayed-stream": "~1.0.0"
      }
    },
    "concat-map": {
      "version": "0.0.1",
      "resolved": "https://registry.npmjs.org/concat-map/-/concat-map-0.0.1.tgz",
      "integrity": "sha512-/Srv4dswyQNBfohGpz9o6Yb3Gz3SrUDqBH5rTuhGR7ahtlbYKnVxw2bCFMRljaA7EXHaXZ8wsHdodFvbkhKmqg==",
      "optional": true
    },
    "core-util-is": {
      "version": "1.0.3",
      "resolved": "https://registry.npmjs.org/core-util-is/-/core-util-is-1.0.3.tgz",
      "integrity": "sha512-ZQBvi1DcpJ4GDqanjucZ2Hj3wEO5pZDS89BWbkcrvdxksJorwUDDZamX9ldFkp9aw2lmBDLgkObEA4DWNJ9FYQ=="
    },
    "cron": {
      "version": "2.1.0",
      "resolved": "https://registry.npmjs.org/cron/-/cron-2.1.0.tgz",
      "integrity": "sha512-Hq7u3P8y7UWYvsZbSKHHJDVG0VO9O7tp2qljxzTScelcTODBfCme8AIhnZsFwmQ9NchZ3hr2uNr+s3DSms7q6w==",
      "requires": {
        "luxon": "^1.23.x"
      }
    },
    "debug": {
      "version": "4.3.4",
      "resolved": "https://registry.npmjs.org/debug/-/debug-4.3.4.tgz",
      "integrity": "sha512-PRWFHuSU3eDtQJPvnNY7Jcket1j0t5OuOsFzPPzsekD52Zl8qUfFIPEiswXqIvHWGVHOgX+7G/vCNNhehwxfkQ==",
      "requires": {
        "ms": "2.1.2"
      }
    },
    "delayed-stream": {
      "version": "1.0.0",
      "resolved": "https://registry.npmjs.org/delayed-stream/-/delayed-stream-1.0.0.tgz",
      "integrity": "sha512-ZySD7Nf91aLB0RxL4KGrKHBXl7Eds1DAmEdcoVawXnLD7SDhpNgtuII2aAkg7a7QS41jxPSZ17p4VdGnMHk3MQ=="
    },
    "dotenv": {
      "version": "16.0.3",
      "resolved": "https://registry.npmjs.org/dotenv/-/dotenv-16.0.3.tgz",
      "integrity": "sha512-7GO6HghkA5fYG9TYnNxi14/7K9f5occMlp3zXAuSxn7CKCxt9xbNWG7yF8hTCSUchlfWSe3uLmlPfigevRItzQ=="
    },
    "dtrace-provider": {
      "version": "0.8.8",
      "resolved": "https://registry.npmjs.org/dtrace-provider/-/dtrace-provider-0.8.8.tgz",
      "integrity": "sha512-b7Z7cNtHPhH9EJhNNbbeqTcXB8LGFFZhq1PGgEvpeHlzd36bhbdTWoE/Ba/YguqpBSlAPKnARWhVlhunCMwfxg==",
      "optional": true,
      "requires": {
        "nan": "^2.14.0"
      }
    },
    "engine.io-client": {
      "version": "6.2.2",
      "resolved": "https://registry.npmjs.org/engine.io-client/-/engine.io-client-6.2.2.tgz",
      "integrity": "sha512-8ZQmx0LQGRTYkHuogVZuGSpDqYZtCM/nv8zQ68VZ+JkOpazJ7ICdsSpaO6iXwvaU30oFg5QJOJWj8zWqhbKjkQ==",
      "requires": {
        "@socket.io/component-emitter": "~3.1.0",
        "debug": "~4.3.1",
        "engine.io-parser": "~5.0.3",
        "ws": "~8.2.3",
        "xmlhttprequest-ssl": "~2.0.0"
      }
    },
    "engine.io-parser": {
      "version": "5.0.4",
      "resolved": "https://registry.npmjs.org/engine.io-parser/-/engine.io-parser-5.0.4.tgz",
      "integrity": "sha512-+nVFp+5z1E3HcToEnO7ZIj3g+3k9389DvWtvJZz0T6/eOCPIyyxehFcedoYrZQrp0LgQbD9pPXhpMBKMd5QURg=="
    },
    "follow-redirects": {
      "version": "1.15.2",
      "resolved": "https://registry.npmjs.org/follow-redirects/-/follow-redirects-1.15.2.tgz",
      "integrity": "sha512-VQLG33o04KaQ8uYi2tVNbdrWp1QWxNNea+nmIB4EVM28v0hmP17z7aG1+wAkNzVq4KeXTq3221ye5qTJP91JwA=="
    },
    "form-data": {
      "version": "4.0.0",
      "resolved": "https://registry.npmjs.org/form-data/-/form-data-4.0.0.tgz",
      "integrity": "sha512-ETEklSGi5t0QMZuiXoA/Q6vcnxcLQP5vdugSpuAyi6SVGi2clPPp+xgEhuMaHC+zGgn31Kd235W35f7Hykkaww==",
      "requires": {
        "asynckit": "^0.4.0",
        "combined-stream": "^1.0.8",
        "mime-types": "^2.1.12"
      }
    },
    "ftp": {
      "version": "0.3.10",
      "resolved": "https://registry.npmjs.org/ftp/-/ftp-0.3.10.tgz",
      "integrity": "sha512-faFVML1aBx2UoDStmLwv2Wptt4vw5x03xxX172nhA5Y5HBshW5JweqQ2W4xL4dezQTG8inJsuYcpPHHU3X5OTQ==",
      "requires": {
        "readable-stream": "1.1.x",
        "xregexp": "2.0.0"
      }
    },
    "ftp-client": {
      "version": "0.2.2",
      "resolved": "https://registry.npmjs.org/ftp-client/-/ftp-client-0.2.2.tgz",
      "integrity": "sha512-yA+AVsNOE0jt2TrDZ86ShS4IW23IXaY2kj3dF4BkO0PRbgy/4tpcDvGf6k1L7C+LvbfEfn50WW1N0yGhch0hYQ==",
      "requires": {
        "async": "~0.8.0",
        "ftp": "~0.3.6",
        "glob": "~3.2.9",
        "lodash": "~2.4.1"
      }
    },
    "glob": {
      "version": "3.2.11",
      "resolved": "https://registry.npmjs.org/glob/-/glob-3.2.11.tgz",
      "integrity": "sha512-hVb0zwEZwC1FXSKRPFTeOtN7AArJcJlI6ULGLtrstaswKNlrTJqAA+1lYlSUop4vjA423xlBzqfVS3iWGlqJ+g==",
      "requires": {
        "inherits": "2",
        "minimatch": "0.3"
      }
    },
    "iconv-lite": {
      "version": "0.6.3",
      "resolved": "https://registry.npmjs.org/iconv-lite/-/iconv-lite-0.6.3.tgz",
      "integrity": "sha512-4fCk79wshMdzMp2rH06qWrJE4iolqLhCUH+OiuIgU++RB0+94NlDL81atO7GX55uUKueo0txHNtvEyI6D7WdMw==",
      "requires": {
        "safer-buffer": ">= 2.1.2 < 3.0.0"
      }
    },
    "inflight": {
      "version": "1.0.6",
      "resolved": "https://registry.npmjs.org/inflight/-/inflight-1.0.6.tgz",
      "integrity": "sha512-k92I/b08q4wvFscXCLvqfsHCrjrF7yiXsQuIVvVE7N82W3+aqpzuUdBbfhWcy/FZR3/4IgflMgKLOsvPDrGCJA==",
      "optional": true,
      "requires": {
        "once": "^1.3.0",
        "wrappy": "1"
      }
    },
    "inherits": {
      "version": "2.0.4",
      "resolved": "https://registry.npmjs.org/inherits/-/inherits-2.0.4.tgz",
      "integrity": "sha512-k/vGaX4/Yla3WzyMCvTQOXYeIHvqOKtnqBduzTHpzpQZzAskKMhZ2K+EnBiSM9zGSoIFeMpXKxa4dYeZIQqewQ=="
    },
    "isarray": {
      "version": "0.0.1",
      "resolved": "https://registry.npmjs.org/isarray/-/isarray-0.0.1.tgz",
      "integrity": "sha512-D2S+3GLxWH+uhrNEcoh/fnmYeP8E8/zHl644d/jdA0g2uyXvy3sb0qxotE+ne0LtccHknQzWwZEzhak7oJ0COQ=="
    },
    "lodash": {
      "version": "2.4.2",
      "resolved": "https://registry.npmjs.org/lodash/-/lodash-2.4.2.tgz",
      "integrity": "sha512-Kak1hi6/hYHGVPmdyiZijoQyz5x2iGVzs6w9GYB/HiXEtylY7tIoYEROMjvM1d9nXJqPOrG2MNPMn01bJ+S0Rw=="
    },
    "lru-cache": {
      "version": "2.7.3",
      "resolved": "https://registry.npmjs.org/lru-cache/-/lru-cache-2.7.3.tgz",
      "integrity": "sha512-WpibWJ60c3AgAz8a2iYErDrcT2C7OmKnsWhIcHOjkUHFjkXncJhtLxNSqUmxRxRunpb5I8Vprd7aNSd2NtksJQ=="
    },
    "luxon": {
      "version": "1.28.0",
      "resolved": "https://registry.npmjs.org/luxon/-/luxon-1.28.0.tgz",
      "integrity": "sha512-TfTiyvZhwBYM/7QdAVDh+7dBTBA29v4ik0Ce9zda3Mnf8on1S5KJI8P2jKFZ8+5C0jhmr0KwJEO/Wdpm0VeWJQ=="
    },
    "mime-db": {
      "version": "1.52.0",
      "resolved": "https://registry.npmjs.org/mime-db/-/mime-db-1.52.0.tgz",
      "integrity": "sha512-sPU4uV7dYlvtWJxwwxHD0PuihVNiE7TyAbQ5SWxDCB9mUYvOgroQOwYQQOKPJ8CIbE+1ETVlOoK1UC2nU3gYvg=="
    },
    "mime-types": {
      "version": "2.1.35",
      "resolved": "https://registry.npmjs.org/mime-types/-/mime-types-2.1.35.tgz",
      "integrity": "sha512-ZDY+bPm5zTTF+YpCrAU9nK0UgICYPT0QtT1NZWFv4s++TNkcgVaT0g6+4R2uI4MjQjzysHB1zxuWL50hzaeXiw==",
      "requires": {
        "mime-db": "1.52.0"
      }
    },
    "minimatch": {
      "version": "0.3.0",
      "resolved": "https://registry.npmjs.org/minimatch/-/minimatch-0.3.0.tgz",
      "integrity": "sha512-WFX1jI1AaxNTZVOHLBVazwTWKaQjoykSzCBNXB72vDTCzopQGtyP91tKdFK5cv1+qMwPyiTu1HqUriqplI8pcA==",
      "requires": {
        "lru-cache": "2",
        "sigmund": "~1.0.0"
      }
    },
    "minimist": {
      "version": "1.2.7",
      "resolved": "https://registry.npmjs.org/minimist/-/minimist-1.2.7.tgz",
      "integrity": "sha512-bzfL1YUZsP41gmu/qjrEk0Q6i2ix/cVeAhbCbqH9u3zYutS1cLg00qhrD0M2MVdCcx4Sc0UpP2eBWo9rotpq6g==",
      "optional": true
    },
    "mkdirp": {
      "version": "0.5.6",
      "resolved": "https://registry.npmjs.org/mkdirp/-/mkdirp-0.5.6.tgz",
      "integrity": "sha512-FP+p8RB8OWpF3YZBCrP5gtADmtXApB5AMLn+vdyA+PyxCjrCs00mjyUozssO33cwDeT3wNGdLxJ5M//YqtHAJw==",
      "optional": true,
      "requires": {
        "minimist": "^1.2.6"
      }
    },
    "moment": {
      "version": "2.29.4",
      "resolved": "https://registry.npmjs.org/moment/-/moment-2.29.4.tgz",
      "integrity": "sha512-5LC9SOxjSc2HF6vO2CyuTDNivEdoz2IvyJJGj6X8DJ0eFyfszE0QiEd+iXmBvUP3WHxSjFH/vIsA0EN00cgr8w==",
      "optional": true
    },
    "ms": {
      "version": "2.1.2",
      "resolved": "https://registry.npmjs.org/ms/-/ms-2.1.2.tgz",
      "integrity": "sha512-sGkPx+VjMtmA6MX27oA4FBFELFCZZ4S4XqeGOXCv68tT+jb3vk/RyaKWP0PTKyWtmLSM0b+adUTEvbs1PEaH2w=="
    },
    "mv": {
      "version": "2.1.1",
      "resolved": "https://registry.npmjs.org/mv/-/mv-2.1.1.tgz",
      "integrity": "sha512-at/ZndSy3xEGJ8i0ygALh8ru9qy7gWW1cmkaqBN29JmMlIvM//MEO9y1sk/avxuwnPcfhkejkLsuPxH81BrkSg==",
      "optional": true,
      "requires": {
        "mkdirp": "~0.5.1",
        "ncp": "~2.0.0",
        "rimraf": "~2.4.0"
      }
    },
    "nan": {
      "version": "2.17.0",
      "resolved": "https://registry.npmjs.org/nan/-/nan-2.17.0.tgz",
      "integrity": "sha512-2ZTgtl0nJsO0KQCjEpxcIr5D+Yv90plTitZt9JBfQvVJDS5seMl3FOvsh3+9CoYWXf/1l5OaZzzF6nDm4cagaQ==",
      "optional": true
    },
    "ncp": {
      "version": "2.0.0",
      "resolved": "https://registry.npmjs.org/ncp/-/ncp-2.0.0.tgz",
      "integrity": "sha512-zIdGUrPRFTUELUvr3Gmc7KZ2Sw/h1PiVM0Af/oHB6zgnV1ikqSfRk+TOufi79aHYCW3NiOXmr1BP5nWbzojLaA==",
      "optional": true
    },
    "node-autodetect-utf8-cp1251-cp866": {
      "version": "0.1.0",
      "resolved": "https://registry.npmjs.org/node-autodetect-utf8-cp1251-cp866/-/node-autodetect-utf8-cp1251-cp866-0.1.0.tgz",
      "integrity": "sha512-6iHQht5XyJi8iLhjijd24pQVk8+0SiaamcSfq7Xor44Ui6+8cpZhURjDeVsQ0EIvJBHY87szv5SjcnWN/ilvdA==",
      "requires": {
        "iconv-lite": "^0.4.15"
      },
      "dependencies": {
        "iconv-lite": {
          "version": "0.4.24",
          "resolved": "https://registry.npmjs.org/iconv-lite/-/iconv-lite-0.4.24.tgz",
          "integrity": "sha512-v3MXnZAcvnywkTUEZomIActle7RXXeedOR31wwl7VlyoXO4Qi9arvSenNQWne1TcRwhCL1HwLI21bEqdpj8/rA==",
          "requires": {
            "safer-buffer": ">= 2.1.2 < 3"
          }
        }
      }
    },
    "once": {
      "version": "1.4.0",
      "resolved": "https://registry.npmjs.org/once/-/once-1.4.0.tgz",
      "integrity": "sha512-lNaJgI+2Q5URQBkccEKHTQOPaXdUxnZZElQTZY0MFUAuaEqe1E+Nyvgdz/aIyNi6Z9MzO5dv1H8n58/GELp3+w==",
      "optional": true,
      "requires": {
        "wrappy": "1"
      }
    },
    "path-is-absolute": {
      "version": "1.0.1",
      "resolved": "https://registry.npmjs.org/path-is-absolute/-/path-is-absolute-1.0.1.tgz",
      "integrity": "sha512-AVbw3UJ2e9bq64vSaS9Am0fje1Pa8pbGqTTsmXfaIiMpnr5DlDhfJOuLj9Sf95ZPVDAUerDfEk88MPmPe7UCQg==",
      "optional": true
    },
    "readable-stream": {
      "version": "1.1.14",
      "resolved": "https://registry.npmjs.org/readable-stream/-/readable-stream-1.1.14.tgz",
      "integrity": "sha512-+MeVjFf4L44XUkhM1eYbD8fyEsxcV81pqMSR5gblfcLCHfZvbrqy4/qYHE+/R5HoBUT11WV5O08Cr1n3YXkWVQ==",
      "requires": {
        "core-util-is": "~1.0.0",
        "inherits": "~2.0.1",
        "isarray": "0.0.1",
        "string_decoder": "~0.10.x"
      }
    },
    "rimraf": {
      "version": "2.4.5",
      "resolved": "https://registry.npmjs.org/rimraf/-/rimraf-2.4.5.tgz",
      "integrity": "sha512-J5xnxTyqaiw06JjMftq7L9ouA448dw/E7dKghkP9WpKNuwmARNNg+Gk8/u5ryb9N/Yo2+z3MCwuqFK/+qPOPfQ==",
      "optional": true,
      "requires": {
        "glob": "^6.0.1"
      },
      "dependencies": {
        "glob": {
          "version": "6.0.4",
          "resolved": "https://registry.npmjs.org/glob/-/glob-6.0.4.tgz",
          "integrity": "sha512-MKZeRNyYZAVVVG1oZeLaWie1uweH40m9AZwIwxyPbTSX4hHrVYSzLg0Ro5Z5R7XKkIX+Cc6oD1rqeDJnwsB8/A==",
          "optional": true,
          "requires": {
            "inflight": "^1.0.4",
            "inherits": "2",
            "minimatch": "2 || 3",
            "once": "^1.3.0",
            "path-is-absolute": "^1.0.0"
          }
        },
        "minimatch": {
          "version": "3.1.2",
          "resolved": "https://registry.npmjs.org/minimatch/-/minimatch-3.1.2.tgz",
          "integrity": "sha512-J7p63hRiAjw1NDEww1W7i37+ByIrOWO5XQQAzZ3VOcL0PNybwpfmV/N05zFAzwQ9USyEcX6t3UO+K5aqBQOIHw==",
          "optional": true,
          "requires": {
            "brace-expansion": "^1.1.7"
          }
        }
      }
    },
    "safe-json-stringify": {
      "version": "1.2.0",
      "resolved": "https://registry.npmjs.org/safe-json-stringify/-/safe-json-stringify-1.2.0.tgz",
      "integrity": "sha512-gH8eh2nZudPQO6TytOvbxnuhYBOvDBBLW52tz5q6X58lJcd/tkmqFR+5Z9adS8aJtURSXWThWy/xJtJwixErvg==",
      "optional": true
    },
    "safer-buffer": {
      "version": "2.1.2",
      "resolved": "https://registry.npmjs.org/safer-buffer/-/safer-buffer-2.1.2.tgz",
      "integrity": "sha512-YZo3K82SD7Riyi0E1EQPojLz7kpepnSQI9IyPbHHg1XXXevb5dJI7tpyN2ADxGcQbHG7vcyRHk0cbwqcQriUtg=="
    },
    "sax": {
      "version": "1.2.4",
      "resolved": "https://registry.npmjs.org/sax/-/sax-1.2.4.tgz",
      "integrity": "sha512-NqVDv9TpANUjFm0N8uM5GxL36UgKi9/atZw+x7YFnQ8ckwFGKrl4xX4yWtrey3UJm5nP1kUbnYgLopqWNSRhWw=="
    },
    "sigmund": {
      "version": "1.0.1",
      "resolved": "https://registry.npmjs.org/sigmund/-/sigmund-1.0.1.tgz",
      "integrity": "sha512-fCvEXfh6NWpm+YSuY2bpXb/VIihqWA6hLsgboC+0nl71Q7N7o2eaCW8mJa/NLvQhs6jpd3VZV4UiUQlV6+lc8g=="
    },
    "socket.io-client": {
      "version": "4.5.2",
      "resolved": "https://registry.npmjs.org/socket.io-client/-/socket.io-client-4.5.2.tgz",
      "integrity": "sha512-naqYfFu7CLDiQ1B7AlLhRXKX3gdeaIMfgigwavDzgJoIUYulc1qHH5+2XflTsXTPY7BlPH5rppJyUjhjrKQKLg==",
      "requires": {
        "@socket.io/component-emitter": "~3.1.0",
        "debug": "~4.3.2",
        "engine.io-client": "~6.2.1",
        "socket.io-parser": "~4.2.0"
      }
    },
    "socket.io-parser": {
      "version": "4.2.1",
      "resolved": "https://registry.npmjs.org/socket.io-parser/-/socket.io-parser-4.2.1.tgz",
      "integrity": "sha512-V4GrkLy+HeF1F/en3SpUaM+7XxYXpuMUWLGde1kSSh5nQMN4hLrbPIkD+otwh6q9R6NOQBN4AMaOZ2zVjui82g==",
      "requires": {
        "@socket.io/component-emitter": "~3.1.0",
        "debug": "~4.3.1"
      }
    },
    "string_decoder": {
      "version": "0.10.31",
      "resolved": "https://registry.npmjs.org/string_decoder/-/string_decoder-0.10.31.tgz",
      "integrity": "sha512-ev2QzSzWPYmy9GuqfIVildA4OdcGLeFZQrq5ys6RtiuF+RQQiZWr8TZNyAcuVXyQRYfEO+MsoB/1BuQVhOJuoQ=="
    },
    "wrappy": {
      "version": "1.0.2",
      "resolved": "https://registry.npmjs.org/wrappy/-/wrappy-1.0.2.tgz",
      "integrity": "sha512-l4Sp/DRseor9wL6EvV2+TuQn63dMkPjZ/sp9XkghTEbV9KlPS1xUsZ3u7/IQO4wxtcFB4bgpQPRcR3QCvezPcQ==",
      "optional": true
    },
    "ws": {
      "version": "8.2.3",
      "resolved": "https://registry.npmjs.org/ws/-/ws-8.2.3.tgz",
      "integrity": "sha512-wBuoj1BDpC6ZQ1B7DWQBYVLphPWkm8i9Y0/3YdHjHKHiohOJ1ws+3OccDWtH+PoC9DZD5WOTrJvNbWvjS6JWaA=="
    },
    "xml2js": {
      "version": "0.4.23",
      "resolved": "https://registry.npmjs.org/xml2js/-/xml2js-0.4.23.tgz",
      "integrity": "sha512-ySPiMjM0+pLDftHgXY4By0uswI3SPKLDw/i3UXbnO8M/p28zqexCUoPmQFrYD+/1BzhGJSs2i1ERWKJAtiLrug==",
      "requires": {
        "sax": ">=0.6.0",
        "xmlbuilder": "~11.0.0"
      }
    },
    "xmlbuilder": {
      "version": "11.0.1",
      "resolved": "https://registry.npmjs.org/xmlbuilder/-/xmlbuilder-11.0.1.tgz",
      "integrity": "sha512-fDlsI/kFEx7gLvbecc0/ohLG50fugQp8ryHzMTuW9vSa1GJ0XYWKnhsUx7oie3G98+r56aTQIUB4kht42R3JvA=="
    },
    "xmlhttprequest-ssl": {
      "version": "2.0.0",
      "resolved": "https://registry.npmjs.org/xmlhttprequest-ssl/-/xmlhttprequest-ssl-2.0.0.tgz",
      "integrity": "sha512-QKxVRxiRACQcVuQEYFsI1hhkrMlrXHPegbbd1yn9UHOmRxY+si12nQYzri3vbzt8VdTTRviqcKxcyllFas5z2A=="
    },
    "xregexp": {
      "version": "2.0.0",
      "resolved": "https://registry.npmjs.org/xregexp/-/xregexp-2.0.0.tgz",
      "integrity": "sha512-xl/50/Cf32VsGq/1R8jJE5ajH1yMCQkpmoS10QbFZWl2Oor4H0Me64Pu2yxvsRWK3m6soJbmGfzSR7BYmDcWAA=="
    }
  }
}
